GEM
  remote: https://rubygems.org/
  specs:
    rails (7.0.4)
      actioncable (= 7.0.4)
      activesupport (= 7.0.4)
    pg (1.5.4)
    puma (6.4.0)
      nio4r (~> 2.0)
    rspec-rails (6.0.1)
      actionpack (>= 6.1)
      rspec-core (~> 3.10)
    actioncable (7.0.4)
    activesupport (7.0.4)
    nio4r (2.7.0)

PLATFORMS
  arm64-darwin-23
  ruby

DEPENDENCIES
  pg (~> 1.5)
  puma
  rails (= 7.0.4)
  rspec-rails (= 6.0.1)

BUNDLED WITH
   2.4.10
