# THIS IS AN AUTOGENERATED FILE.
# yarn lockfile v1

"@babel/core@^7.0.0":
  version "7.23.7"
  resolved "https://registry.yarnpkg.com/@babel/core/-/core-7.23.7.tgz"
  integrity sha512-foo

lodash@4.17.21, lodash@^4.17.21:
  version "4.17.21"
  resolved "https://registry.yarnpkg.com/lodash/-/lodash-4.17.21.tgz"
  integrity sha512-bar

react@^18.2.0:
  version "18.2.0"
  resolved "https://registry.yarnpkg.com/react/-/react-18.2.0.tgz"
