github.com/davecgh/go-spew v1.1.1 h1:abc=
github.com/davecgh/go-spew v1.1.1/go.mod h1:def=
github.com/google/uuid v1.6.0 h1:ghi=
github.com/google/uuid v1.6.0/go.mod h1:jkl=
github.com/pmezard/go-difflib v1.0.0 h1:mno=
github.com/pmezard/go-difflib v1.0.0/go.mod h1:pqr=
github.com/stretchr/testify v1.9.0 h1:stu=
github.com/stretchr/testify v1.9.0/go.mod h1:vwx=
